// !$*UTF8*$!
{
	archiveVersion = 1;
	classes = {
	};
	objectVersion = 46;
	objects = {

/* Begin PBXBuildFile section */
		16CB6BF31ACDDEE100E35659 /* DoctorViewController.swift in Sources */ = {isa = PBXBuildFile; fileRef = 16CB6BF21ACDDEE100E35659 /* DoctorViewController.swift */; };
		16CB6BF51ACDE1CF00E35659 /* Doctor.swift in Sources */ = {isa = PBXBuildFile; fileRef = 16CB6BF41ACDE1CF00E35659 /* Doctor.swift */; };
		16CB6BF71ACE3BED00E35659 /* Patient.swift in Sources */ = {isa = PBXBuildFile; fileRef = 16CB6BF61ACE3BED00E35659 /* Patient.swift */; };
		16CB6BFB1ACE3D0900E35659 /* PatientViewController.swift in Sources */ = {isa = PBXBuildFile; fileRef = 16CB6BFA1ACE3D0900E35659 /* PatientViewController.swift */; };
		16CB6BFD1ACE3E1300E35659 /* Episode.swift in Sources */ = {isa = PBXBuildFile; fileRef = 16CB6BFC1ACE3E1300E35659 /* Episode.swift */; };
		16CB6BFF1ACE3E3D00E35659 /* Symptom.swift in Sources */ = {isa = PBXBuildFile; fileRef = 16CB6BFE1ACE3E3D00E35659 /* Symptom.swift */; };
		16CB6C011ACE3EA300E35659 /* Food.swift in Sources */ = {isa = PBXBuildFile; fileRef = 16CB6C001ACE3EA300E35659 /* Food.swift */; };
		16CB6C031ACE3F0B00E35659 /* Medicine.swift in Sources */ = {isa = PBXBuildFile; fileRef = 16CB6C021ACE3F0B00E35659 /* Medicine.swift */; };
		16CB6C051ACE3FF000E35659 /* Sport.swift in Sources */ = {isa = PBXBuildFile; fileRef = 16CB6C041ACE3FF000E35659 /* Sport.swift */; };
		16CB6C071ACE451100E35659 /* SearchController.swift in Sources */ = {isa = PBXBuildFile; fileRef = 16CB6C061ACE451100E35659 /* SearchController.swift */; };
		16CB6C091ACE455700E35659 /* EpisodeDetailViewController.swift in Sources */ = {isa = PBXBuildFile; fileRef = 16CB6C081ACE455700E35659 /* EpisodeDetailViewController.swift */; };
		16CB6C0B1ACE5D6A00E35659 /* ShowSymptomController.swift in Sources */ = {isa = PBXBuildFile; fileRef = 16CB6C0A1ACE5D6A00E35659 /* ShowSymptomController.swift */; };
		16CB6C0D1ACE5D9E00E35659 /* ShowSportsController.swift in Sources */ = {isa = PBXBuildFile; fileRef = 16CB6C0C1ACE5D9E00E35659 /* ShowSportsController.swift */; };
		16CB6C0F1ACE5DBF00E35659 /* ShowFoodController.swift in Sources */ = {isa = PBXBuildFile; fileRef = 16CB6C0E1ACE5DBF00E35659 /* ShowFoodController.swift */; };
		16CB6C111ACE5DE200E35659 /* ShowMedicinesViewController.swift in Sources */ = {isa = PBXBuildFile; fileRef = 16CB6C101ACE5DE200E35659 /* ShowMedicinesViewController.swift */; };
		16CB6C131ACE6B2200E35659 /* ShowResultsController.swift in Sources */ = {isa = PBXBuildFile; fileRef = 16CB6C121ACE6B2200E35659 /* ShowResultsController.swift */; };
		16CB6C151ACE7F0800E35659 /* StatisticsViewController.swift in Sources */ = {isa = PBXBuildFile; fileRef = 16CB6C141ACE7F0800E35659 /* StatisticsViewController.swift */; };
		16F005D11ACD8BB100888573 /* AppDelegate.swift in Sources */ = {isa = PBXBuildFile; fileRef = 16F005D01ACD8BB100888573 /* AppDelegate.swift */; };
		16F005D31ACD8BB100888573 /* ViewController.swift in Sources */ = {isa = PBXBuildFile; fileRef = 16F005D21ACD8BB100888573 /* ViewController.swift */; };
		16F005D61ACD8BB100888573 /* Main.storyboard in Resources */ = {isa = PBXBuildFile; fileRef = 16F005D41ACD8BB100888573 /* Main.storyboard */; };
		16F005D81ACD8BB100888573 /* Images.xcassets in Resources */ = {isa = PBXBuildFile; fileRef = 16F005D71ACD8BB100888573 /* Images.xcassets */; };
		16F005DB1ACD8BB100888573 /* LaunchScreen.xib in Resources */ = {isa = PBXBuildFile; fileRef = 16F005D91ACD8BB100888573 /* LaunchScreen.xib */; };
		16F005E71ACD8BB100888573 /* AuraMovilDoctorTests.swift in Sources */ = {isa = PBXBuildFile; fileRef = 16F005E61ACD8BB100888573 /* AuraMovilDoctorTests.swift */; };
		8E136A181B0E416200D3CF4B /* Security.swift in Sources */ = {isa = PBXBuildFile; fileRef = 8E136A171B0E416200D3CF4B /* Security.swift */; };
/* End PBXBuildFile section */

/* Begin PBXContainerItemProxy section */
		16F005E11ACD8BB100888573 /* PBXContainerItemProxy */ = {
			isa = PBXContainerItemProxy;
			containerPortal = 16F005C31ACD8BB100888573 /* Project object */;
			proxyType = 1;
			remoteGlobalIDString = 16F005CA1ACD8BB100888573;
			remoteInfo = AuraMovilDoctor;
		};
/* End PBXContainerItemProxy section */

/* Begin PBXFileReference section */
		16CB6BF21ACDDEE100E35659 /* DoctorViewController.swift */ = {isa = PBXFileReference; fileEncoding = 4; lastKnownFileType = sourcecode.swift; path = DoctorViewController.swift; sourceTree = "<group>"; };
		16CB6BF41ACDE1CF00E35659 /* Doctor.swift */ = {isa = PBXFileReference; fileEncoding = 4; lastKnownFileType = sourcecode.swift; path = Doctor.swift; sourceTree = "<group>"; };
		16CB6BF61ACE3BED00E35659 /* Patient.swift */ = {isa = PBXFileReference; fileEncoding = 4; lastKnownFileType = sourcecode.swift; path = Patient.swift; sourceTree = "<group>"; };
		16CB6BFA1ACE3D0900E35659 /* PatientViewController.swift */ = {isa = PBXFileReference; fileEncoding = 4; lastKnownFileType = sourcecode.swift; path = PatientViewController.swift; sourceTree = "<group>"; };
		16CB6BFC1ACE3E1300E35659 /* Episode.swift */ = {isa = PBXFileReference; fileEncoding = 4; lastKnownFileType = sourcecode.swift; path = Episode.swift; sourceTree = "<group>"; };
		16CB6BFE1ACE3E3D00E35659 /* Symptom.swift */ = {isa = PBXFileReference; fileEncoding = 4; lastKnownFileType = sourcecode.swift; path = Symptom.swift; sourceTree = "<group>"; };
		16CB6C001ACE3EA300E35659 /* Food.swift */ = {isa = PBXFileReference; fileEncoding = 4; lastKnownFileType = sourcecode.swift; path = Food.swift; sourceTree = "<group>"; };
		16CB6C021ACE3F0B00E35659 /* Medicine.swift */ = {isa = PBXFileReference; fileEncoding = 4; lastKnownFileType = sourcecode.swift; path = Medicine.swift; sourceTree = "<group>"; };
		16CB6C041ACE3FF000E35659 /* Sport.swift */ = {isa = PBXFileReference; fileEncoding = 4; lastKnownFileType = sourcecode.swift; path = Sport.swift; sourceTree = "<group>"; };
		16CB6C061ACE451100E35659 /* SearchController.swift */ = {isa = PBXFileReference; fileEncoding = 4; lastKnownFileType = sourcecode.swift; path = SearchController.swift; sourceTree = "<group>"; };
		16CB6C081ACE455700E35659 /* EpisodeDetailViewController.swift */ = {isa = PBXFileReference; fileEncoding = 4; lastKnownFileType = sourcecode.swift; path = EpisodeDetailViewController.swift; sourceTree = "<group>"; };
		16CB6C0A1ACE5D6A00E35659 /* ShowSymptomController.swift */ = {isa = PBXFileReference; fileEncoding = 4; lastKnownFileType = sourcecode.swift; path = ShowSymptomController.swift; sourceTree = "<group>"; };
		16CB6C0C1ACE5D9E00E35659 /* ShowSportsController.swift */ = {isa = PBXFileReference; fileEncoding = 4; lastKnownFileType = sourcecode.swift; path = ShowSportsController.swift; sourceTree = "<group>"; };
		16CB6C0E1ACE5DBF00E35659 /* ShowFoodController.swift */ = {isa = PBXFileReference; fileEncoding = 4; lastKnownFileType = sourcecode.swift; path = ShowFoodController.swift; sourceTree = "<group>"; };
		16CB6C101ACE5DE200E35659 /* ShowMedicinesViewController.swift */ = {isa = PBXFileReference; fileEncoding = 4; lastKnownFileType = sourcecode.swift; path = ShowMedicinesViewController.swift; sourceTree = "<group>"; };
		16CB6C121ACE6B2200E35659 /* ShowResultsController.swift */ = {isa = PBXFileReference; fileEncoding = 4; lastKnownFileType = sourcecode.swift; path = ShowResultsController.swift; sourceTree = "<group>"; };
		16CB6C141ACE7F0800E35659 /* StatisticsViewController.swift */ = {isa = PBXFileReference; fileEncoding = 4; lastKnownFileType = sourcecode.swift; path = StatisticsViewController.swift; sourceTree = "<group>"; };
		16F005CB1ACD8BB100888573 /* AuraMovilDoctor.app */ = {isa = PBXFileReference; explicitFileType = wrapper.application; includeInIndex = 0; path = AuraMovilDoctor.app; sourceTree = BUILT_PRODUCTS_DIR; };
		16F005CF1ACD8BB100888573 /* Info.plist */ = {isa = PBXFileReference; lastKnownFileType = text.plist.xml; path = Info.plist; sourceTree = "<group>"; };
		16F005D01ACD8BB100888573 /* AppDelegate.swift */ = {isa = PBXFileReference; lastKnownFileType = sourcecode.swift; path = AppDelegate.swift; sourceTree = "<group>"; };
		16F005D21ACD8BB100888573 /* ViewController.swift */ = {isa = PBXFileReference; lastKnownFileType = sourcecode.swift; path = ViewController.swift; sourceTree = "<group>"; };
		16F005D51ACD8BB100888573 /* Base */ = {isa = PBXFileReference; lastKnownFileType = file.storyboard; name = Base; path = Base.lproj/Main.storyboard; sourceTree = "<group>"; };
		16F005D71ACD8BB100888573 /* Images.xcassets */ = {isa = PBXFileReference; lastKnownFileType = folder.assetcatalog; path = Images.xcassets; sourceTree = "<group>"; };
		16F005DA1ACD8BB100888573 /* Base */ = {isa = PBXFileReference; lastKnownFileType = file.xib; name = Base; path = Base.lproj/LaunchScreen.xib; sourceTree = "<group>"; };
		16F005E01ACD8BB100888573 /* AuraMovilDoctorTests.xctest */ = {isa = PBXFileReference; explicitFileType = wrapper.cfbundle; includeInIndex = 0; path = AuraMovilDoctorTests.xctest; sourceTree = BUILT_PRODUCTS_DIR; };
		16F005E51ACD8BB100888573 /* Info.plist */ = {isa = PBXFileReference; lastKnownFileType = text.plist.xml; path = Info.plist; sourceTree = "<group>"; };
		16F005E61ACD8BB100888573 /* AuraMovilDoctorTests.swift */ = {isa = PBXFileReference; lastKnownFileType = sourcecode.swift; path = AuraMovilDoctorTests.swift; sourceTree = "<group>"; };
		8E136A171B0E416200D3CF4B /* Security.swift */ = {isa = PBXFileReference; fileEncoding = 4; lastKnownFileType = sourcecode.swift; path = Security.swift; sourceTree = "<group>"; };
/* End PBXFileReference section */

/* Begin PBXFrameworksBuildPhase section */
		16F005C81ACD8BB100888573 /* Frameworks */ = {
			isa = PBXFrameworksBuildPhase;
			buildActionMask = 2147483647;
			files = (
			);
			runOnlyForDeploymentPostprocessing = 0;
		};
		16F005DD1ACD8BB100888573 /* Frameworks */ = {
			isa = PBXFrameworksBuildPhase;
			buildActionMask = 2147483647;
			files = (
			);
			runOnlyForDeploymentPostprocessing = 0;
		};
/* End PBXFrameworksBuildPhase section */

/* Begin PBXGroup section */
		16F005C21ACD8BB100888573 = {
			isa = PBXGroup;
			children = (
				16F005CD1ACD8BB100888573 /* AuraMovilDoctor */,
				16F005E31ACD8BB100888573 /* AuraMovilDoctorTests */,
				16F005CC1ACD8BB100888573 /* Products */,
			);
			sourceTree = "<group>";
		};
		16F005CC1ACD8BB100888573 /* Products */ = {
			isa = PBXGroup;
			children = (
				16F005CB1ACD8BB100888573 /* AuraMovilDoctor.app */,
				16F005E01ACD8BB100888573 /* AuraMovilDoctorTests.xctest */,
			);
			name = Products;
			sourceTree = "<group>";
		};
		16F005CD1ACD8BB100888573 /* AuraMovilDoctor */ = {
			isa = PBXGroup;
			children = (
				16CB6BF61ACE3BED00E35659 /* Patient.swift */,
				16CB6C021ACE3F0B00E35659 /* Medicine.swift */,
				16CB6C041ACE3FF000E35659 /* Sport.swift */,
				16CB6BFE1ACE3E3D00E35659 /* Symptom.swift */,
				16CB6C001ACE3EA300E35659 /* Food.swift */,
				16CB6BFC1ACE3E1300E35659 /* Episode.swift */,
				16CB6BF41ACDE1CF00E35659 /* Doctor.swift */,
				16F005D01ACD8BB100888573 /* AppDelegate.swift */,
				16F005D21ACD8BB100888573 /* ViewController.swift */,
				16CB6BF21ACDDEE100E35659 /* DoctorViewController.swift */,
				16CB6C061ACE451100E35659 /* SearchController.swift */,
				16CB6C081ACE455700E35659 /* EpisodeDetailViewController.swift */,
				16CB6BFA1ACE3D0900E35659 /* PatientViewController.swift */,
				8E136A171B0E416200D3CF4B /* Security.swift */,
				16CB6C0A1ACE5D6A00E35659 /* ShowSymptomController.swift */,
				16CB6C0C1ACE5D9E00E35659 /* ShowSportsController.swift */,
				16CB6C0E1ACE5DBF00E35659 /* ShowFoodController.swift */,
				16CB6C101ACE5DE200E35659 /* ShowMedicinesViewController.swift */,
				16CB6C121ACE6B2200E35659 /* ShowResultsController.swift */,
				16CB6C141ACE7F0800E35659 /* StatisticsViewController.swift */,
				16F005D41ACD8BB100888573 /* Main.storyboard */,
				16F005D71ACD8BB100888573 /* Images.xcassets */,
				16F005D91ACD8BB100888573 /* LaunchScreen.xib */,
				16F005CE1ACD8BB100888573 /* Supporting Files */,
			);
			path = AuraMovilDoctor;
			sourceTree = "<group>";
		};
		16F005CE1ACD8BB100888573 /* Supporting Files */ = {
			isa = PBXGroup;
			children = (
				16F005CF1ACD8BB100888573 /* Info.plist */,
			);
			name = "Supporting Files";
			sourceTree = "<group>";
		};
		16F005E31ACD8BB100888573 /* AuraMovilDoctorTests */ = {
			isa = PBXGroup;
			children = (
				16F005E61ACD8BB100888573 /* AuraMovilDoctorTests.swift */,
				16F005E41ACD8BB100888573 /* Supporting Files */,
			);
			path = AuraMovilDoctorTests;
			sourceTree = "<group>";
		};
		16F005E41ACD8BB100888573 /* Supporting Files */ = {
			isa = PBXGroup;
			children = (
				16F005E51ACD8BB100888573 /* Info.plist */,
			);
			name = "Supporting Files";
			sourceTree = "<group>";
		};
/* End PBXGroup section */

/* Begin PBXNativeTarget section */
		16F005CA1ACD8BB100888573 /* AuraMovilDoctor */ = {
			isa = PBXNativeTarget;
			buildConfigurationList = 16F005EA1ACD8BB100888573 /* Build configuration list for PBXNativeTarget "AuraMovilDoctor" */;
			buildPhases = (
				16F005C71ACD8BB100888573 /* Sources */,
				16F005C81ACD8BB100888573 /* Frameworks */,
				16F005C91ACD8BB100888573 /* Resources */,
			);
			buildRules = (
			);
			dependencies = (
			);
			name = AuraMovilDoctor;
			productName = AuraMovilDoctor;
			productReference = 16F005CB1ACD8BB100888573 /* AuraMovilDoctor.app */;
			productType = "com.apple.product-type.application";
		};
		16F005DF1ACD8BB100888573 /* AuraMovilDoctorTests */ = {
			isa = PBXNativeTarget;
			buildConfigurationList = 16F005ED1ACD8BB100888573 /* Build configuration list for PBXNativeTarget "AuraMovilDoctorTests" */;
			buildPhases = (
				16F005DC1ACD8BB100888573 /* Sources */,
				16F005DD1ACD8BB100888573 /* Frameworks */,
				16F005DE1ACD8BB100888573 /* Resources */,
			);
			buildRules = (
			);
			dependencies = (
				16F005E21ACD8BB100888573 /* PBXTargetDependency */,
			);
			name = AuraMovilDoctorTests;
			productName = AuraMovilDoctorTests;
			productReference = 16F005E01ACD8BB100888573 /* AuraMovilDoctorTests.xctest */;
			productType = "com.apple.product-type.bundle.unit-test";
		};
/* End PBXNativeTarget section */

/* Begin PBXProject section */
		16F005C31ACD8BB100888573 /* Project object */ = {
			isa = PBXProject;
			attributes = {
				LastUpgradeCheck = 0620;
				ORGANIZATIONNAME = aura;
				TargetAttributes = {
					16F005CA1ACD8BB100888573 = {
						CreatedOnToolsVersion = 6.2;
					};
					16F005DF1ACD8BB100888573 = {
						CreatedOnToolsVersion = 6.2;
						TestTargetID = 16F005CA1ACD8BB100888573;
					};
				};
			};
			buildConfigurationList = 16F005C61ACD8BB100888573 /* Build configuration list for PBXProject "AuraMovilDoctor" */;
			compatibilityVersion = "Xcode 3.2";
			developmentRegion = English;
			hasScannedForEncodings = 0;
			knownRegions = (
				en,
				Base,
			);
			mainGroup = 16F005C21ACD8BB100888573;
			productRefGroup = 16F005CC1ACD8BB100888573 /* Products */;
			projectDirPath = "";
			projectRoot = "";
			targets = (
				16F005CA1ACD8BB100888573 /* AuraMovilDoctor */,
				16F005DF1ACD8BB100888573 /* AuraMovilDoctorTests */,
			);
		};
/* End PBXProject section */

/* Begin PBXResourcesBuildPhase section */
		16F005C91ACD8BB100888573 /* Resources */ = {
			isa = PBXResourcesBuildPhase;
			buildActionMask = 2147483647;
			files = (
				16F005D61ACD8BB100888573 /* Main.storyboard in Resources */,
				16F005DB1ACD8BB100888573 /* LaunchScreen.xib in Resources */,
				16F005D81ACD8BB100888573 /* Images.xcassets in Resources */,
			);
			runOnlyForDeploymentPostprocessing = 0;
		};
		16F005DE1ACD8BB100888573 /* Resources */ = {
			isa = PBXResourcesBuildPhase;
			buildActionMask = 2147483647;
			files = (
			);
			runOnlyForDeploymentPostprocessing = 0;
		};
/* End PBXResourcesBuildPhase section */

/* Begin PBXSourcesBuildPhase section */
		16F005C71ACD8BB100888573 /* Sources */ = {
			isa = PBXSourcesBuildPhase;
			buildActionMask = 2147483647;
			files = (
				16CB6C0F1ACE5DBF00E35659 /* ShowFoodController.swift in Sources */,
				16F005D31ACD8BB100888573 /* ViewController.swift in Sources */,
				16CB6C091ACE455700E35659 /* EpisodeDetailViewController.swift in Sources */,
				16CB6C051ACE3FF000E35659 /* Sport.swift in Sources */,
				16CB6BFF1ACE3E3D00E35659 /* Symptom.swift in Sources */,
				16CB6C151ACE7F0800E35659 /* StatisticsViewController.swift in Sources */,
				16F005D11ACD8BB100888573 /* AppDelegate.swift in Sources */,
				16CB6BFD1ACE3E1300E35659 /* Episode.swift in Sources */,
				16CB6BFB1ACE3D0900E35659 /* PatientViewController.swift in Sources */,
				16CB6C011ACE3EA300E35659 /* Food.swift in Sources */,
				16CB6C071ACE451100E35659 /* SearchController.swift in Sources */,
				16CB6BF51ACDE1CF00E35659 /* Doctor.swift in Sources */,
				16CB6C0B1ACE5D6A00E35659 /* ShowSymptomController.swift in Sources */,
				8E136A181B0E416200D3CF4B /* Security.swift in Sources */,
				16CB6C031ACE3F0B00E35659 /* Medicine.swift in Sources */,
				16CB6C0D1ACE5D9E00E35659 /* ShowSportsController.swift in Sources */,
				16CB6BF31ACDDEE100E35659 /* DoctorViewController.swift in Sources */,
				16CB6C111ACE5DE200E35659 /* ShowMedicinesViewController.swift in Sources */,
				16CB6BF71ACE3BED00E35659 /* Patient.swift in Sources */,
				16CB6C131ACE6B2200E35659 /* ShowResultsController.swift in Sources */,
			);
			runOnlyForDeploymentPostprocessing = 0;
		};
		16F005DC1ACD8BB100888573 /* Sources */ = {
			isa = PBXSourcesBuildPhase;
			buildActionMask = 2147483647;
			files = (
				16F005E71ACD8BB100888573 /* AuraMovilDoctorTests.swift in Sources */,
			);
			runOnlyForDeploymentPostprocessing = 0;
		};
/* End PBXSourcesBuildPhase section */

/* Begin PBXTargetDependency section */
		16F005E21ACD8BB100888573 /* PBXTargetDependency */ = {
			isa = PBXTargetDependency;
			target = 16F005CA1ACD8BB100888573 /* AuraMovilDoctor */;
			targetProxy = 16F005E11ACD8BB100888573 /* PBXContainerItemProxy */;
		};
/* End PBXTargetDependency section */

/* Begin PBXVariantGroup section */
		16F005D41ACD8BB100888573 /* Main.storyboard */ = {
			isa = PBXVariantGroup;
			children = (
				16F005D51ACD8BB100888573 /* Base */,
			);
			name = Main.storyboard;
			sourceTree = "<group>";
		};
		16F005D91ACD8BB100888573 /* LaunchScreen.xib */ = {
			isa = PBXVariantGroup;
			children = (
				16F005DA1ACD8BB100888573 /* Base */,
			);
			name = LaunchScreen.xib;
			sourceTree = "<group>";
		};
/* End PBXVariantGroup section */

/* Begin XCBuildConfiguration section */
		16F005E81ACD8BB100888573 /* Debug */ = {
			isa = XCBuildConfiguration;
			buildSettings = {
				ALWAYS_SEARCH_USER_PATHS = NO;
				CLANG_CXX_LANGUAGE_STANDARD = "gnu++0x";
				CLANG_CXX_LIBRARY = "libc++";
				CLANG_ENABLE_MODULES = YES;
				CLANG_ENABLE_OBJC_ARC = YES;
				CLANG_WARN_BOOL_CONVERSION = YES;
				CLANG_WARN_CONSTANT_CONVERSION = YES;
				CLANG_WARN_DIRECT_OBJC_ISA_USAGE = YES_ERROR;
				CLANG_WARN_EMPTY_BODY = YES;
				CLANG_WARN_ENUM_CONVERSION = YES;
				CLANG_WARN_INT_CONVERSION = YES;
				CLANG_WARN_OBJC_ROOT_CLASS = YES_ERROR;
				CLANG_WARN_UNREACHABLE_CODE = YES;
				CLANG_WARN__DUPLICATE_METHOD_MATCH = YES;
				"CODE_SIGN_IDENTITY[sdk=iphoneos*]" = "iPhone Developer";
				COPY_PHASE_STRIP = NO;
				ENABLE_STRICT_OBJC_MSGSEND = YES;
				GCC_C_LANGUAGE_STANDARD = gnu99;
				GCC_DYNAMIC_NO_PIC = NO;
				GCC_OPTIMIZATION_LEVEL = 0;
				GCC_PREPROCESSOR_DEFINITIONS = (
					"DEBUG=1",
					"$(inherited)",
				);
				GCC_SYMBOLS_PRIVATE_EXTERN = NO;
				GCC_WARN_64_TO_32_BIT_CONVERSION = YES;
				GCC_WARN_ABOUT_RETURN_TYPE = YES_ERROR;
				GCC_WARN_UNDECLARED_SELECTOR = YES;
				GCC_WARN_UNINITIALIZED_AUTOS = YES_AGGRESSIVE;
				GCC_WARN_UNUSED_FUNCTION = YES;
				GCC_WARN_UNUSED_VARIABLE = YES;
				IPHONEOS_DEPLOYMENT_TARGET = 8.2;
				MTL_ENABLE_DEBUG_INFO = YES;
				ONLY_ACTIVE_ARCH = YES;
				SDKROOT = iphoneos;
				SWIFT_OPTIMIZATION_LEVEL = "-Onone";
			};
			name = Debug;
		};
		16F005E91ACD8BB100888573 /* Release */ = {
			isa = XCBuildConfiguration;
			buildSettings = {
				ALWAYS_SEARCH_USER_PATHS = NO;
				CLANG_CXX_LANGUAGE_STANDARD = "gnu++0x";
				CLANG_CXX_LIBRARY = "libc++";
				CLANG_ENABLE_MODULES = YES;
				CLANG_ENABLE_OBJC_ARC = YES;
				CLANG_WARN_BOOL_CONVERSION = YES;
				CLANG_WARN_CONSTANT_CONVERSION = YES;
				CLANG_WARN_DIRECT_OBJC_ISA_USAGE = YES_ERROR;
				CLANG_WARN_EMPTY_BODY = YES;
				CLANG_WARN_ENUM_CONVERSION = YES;
				CLANG_WARN_INT_CONVERSION = YES;
				CLANG_WARN_OBJC_ROOT_CLASS = YES_ERROR;
				CLANG_WARN_UNREACHABLE_CODE = YES;
				CLANG_WARN__DUPLICATE_METHOD_MATCH = YES;
				"CODE_SIGN_IDENTITY[sdk=iphoneos*]" = "iPhone Developer";
				COPY_PHASE_STRIP = NO;
				ENABLE_NS_ASSERTIONS = NO;
				ENABLE_STRICT_OBJC_MSGSEND = YES;
				GCC_C_LANGUAGE_STANDARD = gnu99;
				GCC_WARN_64_TO_32_BIT_CONVERSION = YES;
				GCC_WARN_ABOUT_RETURN_TYPE = YES_ERROR;
				GCC_WARN_UNDECLARED_SELECTOR = YES;
				GCC_WARN_UNINITIALIZED_AUTOS = YES_AGGRESSIVE;
				GCC_WARN_UNUSED_FUNCTION = YES;
				GCC_WARN_UNUSED_VARIABLE = YES;
				IPHONEOS_DEPLOYMENT_TARGET = 8.2;
				MTL_ENABLE_DEBUG_INFO = NO;
				SDKROOT = iphoneos;
				VALIDATE_PRODUCT = YES;
			};
			name = Release;
		};
		16F005EB1ACD8BB100888573 /* Debug */ = {
			isa = XCBuildConfiguration;
			buildSettings = {
				ASSETCATALOG_COMPILER_APPICON_NAME = AppIcon;
				INFOPLIST_FILE = AuraMovilDoctor/Info.plist;
				LD_RUNPATH_SEARCH_PATHS = "$(inherited) @executable_path/Frameworks";
				PRODUCT_NAME = "$(TARGET_NAME)";
			};
			name = Debug;
		};
		16F005EC1ACD8BB100888573 /* Release */ = {
			isa = XCBuildConfiguration;
			buildSettings = {
				ASSETCATALOG_COMPILER_APPICON_NAME = AppIcon;
				INFOPLIST_FILE = AuraMovilDoctor/Info.plist;
				LD_RUNPATH_SEARCH_PATHS = "$(inherited) @executable_path/Frameworks";
				PRODUCT_NAME = "$(TARGET_NAME)";
			};
			name = Release;
		};
		16F005EE1ACD8BB100888573 /* Debug */ = {
			isa = XCBuildConfiguration;
			buildSettings = {
				BUNDLE_LOADER = "$(TEST_HOST)";
				FRAMEWORK_SEARCH_PATHS = (
					"$(SDKROOT)/Developer/Library/Frameworks",
					"$(inherited)",
				);
				GCC_PREPROCESSOR_DEFINITIONS = (
					"DEBUG=1",
					"$(inherited)",
				);
				INFOPLIST_FILE = AuraMovilDoctorTests/Info.plist;
				LD_RUNPATH_SEARCH_PATHS = "$(inherited) @executable_path/Frameworks @loader_path/Frameworks";
				PRODUCT_NAME = "$(TARGET_NAME)";
				TEST_HOST = "$(BUILT_PRODUCTS_DIR)/AuraMovilDoctor.app/AuraMovilDoctor";
			};
			name = Debug;
		};
		16F005EF1ACD8BB100888573 /* Release */ = {
			isa = XCBuildConfiguration;
			buildSettings = {
				BUNDLE_LOADER = "$(TEST_HOST)";
				FRAMEWORK_SEARCH_PATHS = (
					"$(SDKROOT)/Developer/Library/Frameworks",
					"$(inherited)",
				);
				INFOPLIST_FILE = AuraMovilDoctorTests/Info.plist;
				LD_RUNPATH_SEARCH_PATHS = "$(inherited) @executable_path/Frameworks @loader_path/Frameworks";
				PRODUCT_NAME = "$(TARGET_NAME)";
				TEST_HOST = "$(BUILT_PRODUCTS_DIR)/AuraMovilDoctor.app/AuraMovilDoctor";
			};
			name = Release;
		};
/* End XCBuildConfiguration section */

/* Begin XCConfigurationList section */
		16F005C61ACD8BB100888573 /* Build configuration list for PBXProject "AuraMovilDoctor" */ = {
			isa = XCConfigurationList;
			buildConfigurations = (
				16F005E81ACD8BB100888573 /* Debug */,
				16F005E91ACD8BB100888573 /* Release */,
			);
			defaultConfigurationIsVisible = 0;
			defaultConfigurationName = Release;
		};
		16F005EA1ACD8BB100888573 /* Build configuration list for PBXNativeTarget "AuraMovilDoctor" */ = {
			isa = XCConfigurationList;
			buildConfigurations = (
				16F005EB1ACD8BB100888573 /* Debug */,
				16F005EC1ACD8BB100888573 /* Release */,
			);
			defaultConfigurationIsVisible = 0;
			defaultConfigurationName = Release;
		};
		16F005ED1ACD8BB100888573 /* Build configuration list for PBXNativeTarget "AuraMovilDoctorTests" */ = {
			isa = XCConfigurationList;
			buildConfigurations = (
				16F005EE1ACD8BB100888573 /* Debug */,
				16F005EF1ACD8BB100888573 /* Release */,
			);
			defaultConfigurationIsVisible = 0;
			defaultConfigurationName = Release;
		};
/* End XCConfigurationList section */
	};
	rootObject = 16F005C31ACD8BB100888573 /* Project object */;
}
